Microsoft Visual Studio Solution File, Format Version 12.00
# Visual Studio Version 17
VisualStudioVersion = 17.5.2.0
MinimumVisualStudioVersion = 10.0.40219.1
Project("{FAE04EC0-301F-11D3-BF4B-00C04F79EFBC}") = "TESTE TECNICO", "TESTE TECNICO.csproj", "{BFF23696-0513-9E6A-A573-5FDB7210A172}"
EndProject
Global
	GlobalSection(SolutionConfigurationPlatforms) = preSolution
		Debug|Any CPU = Debug|Any CPU
		Release|Any CPU = Release|Any CPU
	EndGlobalSection
	GlobalSection(ProjectConfigurationPlatforms) = postSolution
		{BFF23696-0513-9E6A-A573-5FDB7210A172}.Debug|Any CPU.ActiveCfg = Debug|Any CPU
		{BFF23696-0513-9E6A-A573-5FDB7210A172}.Debug|Any CPU.Build.0 = Debug|Any CPU
		{BFF23696-0513-9E6A-A573-5FDB7210A172}.Release|Any CPU.ActiveCfg = Release|Any CPU
		{BFF23696-0513-9E6A-A573-5FDB7210A172}.Release|Any CPU.Build.0 = Release|Any CPU
	EndGlobalSection
	GlobalSection(SolutionProperties) = preSolution
		HideSolutionNode = FALSE
	EndGlobalSection
	GlobalSection(ExtensibilityGlobals) = postSolution
		SolutionGuid = {4FD98085-3283-4E1A-B528-F6871857BE24}
	EndGlobalSection
EndGlobal
